
Microsoft Visual Studio Solution File, Format Version 12.00
# Visual Studio Version 17
VisualStudioVersion = 17.0.31710.8
MinimumVisualStudioVersion = 10.0.40219.1
Project("{FAE04EC0-301F-11D3-BF4B-00C04F79EFBC}") = "FilterRepo", "FilterRepo\FilterRepo.csproj", "{8F5285F3-D163-44B4-B40B-BA4EDE2E3CE9}"
EndProject
Global
	GlobalSection(SolutionConfigurationPlatforms) = preSolution
		Debug|Any CPU = Debug|Any CPU
		Release|Any CPU = Release|Any CPU
	EndGlobalSection
	GlobalSection(ProjectConfigurationPlatforms) = postSolution
		{8F5285F3-D163-44B4-B40B-BA4EDE2E3CE9}.Debug|Any CPU.ActiveCfg = Debug|Any CPU
		{8F5285F3-D163-44B4-B40B-BA4EDE2E3CE9}.Debug|Any CPU.Build.0 = Debug|Any CPU
		{8F5285F3-D163-44B4-B40B-BA4EDE2E3CE9}.Release|Any CPU.ActiveCfg = Release|Any CPU
		{8F5285F3-D163-44B4-B40B-BA4EDE2E3CE9}.Release|Any CPU.Build.0 = Release|Any CPU
	EndGlobalSection
	GlobalSection(SolutionProperties) = preSolution
		HideSolutionNode = FALSE
	EndGlobalSection
	GlobalSection(ExtensibilityGlobals) = postSolution
		SolutionGuid = {CCA2E812-B4AD-4191-A22C-2E2818C08B43}
	EndGlobalSection
EndGlobal
